
Microsoft Visual Studio Solution File, Format Version 12.00
# Visual Studio Version 16
VisualStudioVersion = 16.0.33130.400
MinimumVisualStudioVersion = 10.0.40219.1
Project("{FAE04EC0-301F-11D3-BF4B-00C04F79EFBC}") = "BrowserPivot", "BrowserPivot\BrowserPivot.csproj", "{7D2C1AB6-06CE-4440-9C46-382447F78F9A}"
EndProject
Global
	GlobalSection(SolutionConfigurationPlatforms) = preSolution
		Debug|Any CPU = Debug|Any CPU
		Release|Any CPU = Release|Any CPU
	EndGlobalSection
	GlobalSection(ProjectConfigurationPlatforms) = postSolution
		{7D2C1AB6-06CE-4440-9C46-382447F78F9A}.Debug|Any CPU.ActiveCfg = Debug|Any CPU
		{7D2C1AB6-06CE-4440-9C46-382447F78F9A}.Debug|Any CPU.Build.0 = Debug|Any CPU
		{7D2C1AB6-06CE-4440-9C46-382447F78F9A}.Release|Any CPU.ActiveCfg = Release|Any CPU
		{7D2C1AB6-06CE-4440-9C46-382447F78F9A}.Release|Any CPU.Build.0 = Release|Any CPU
	EndGlobalSection
	GlobalSection(SolutionProperties) = preSolution
		HideSolutionNode = FALSE
	EndGlobalSection
	GlobalSection(ExtensibilityGlobals) = postSolution
		SolutionGuid = {158D300D-FB1D-4401-B9B7-543668BBEA12}
	EndGlobalSection
EndGlobal
